
Microsoft Visual Studio Solution File, Format Version 12.00
Project("{FAE04EC0-301F-11D3-BF4B-00C04F79EFBC}") = "ISO226", "ISO226\ISO226.csproj", "{1AF4CB07-F93C-465A-9F60-B15E5466D94A}"
EndProject
Project("{FAE04EC0-301F-11D3-BF4B-00C04F79EFBC}") = "ISO226.Test", "ISO226.Test\ISO226.Test.csproj", "{24E464DA-D3A2-42BA-8595-FD8D1E71C8B4}"
EndProject
Global
	GlobalSection(SolutionConfigurationPlatforms) = preSolution
		Debug|Any CPU = Debug|Any CPU
		Release|Any CPU = Release|Any CPU
	EndGlobalSection
	GlobalSection(ProjectConfigurationPlatforms) = postSolution
		{1AF4CB07-F93C-465A-9F60-B15E5466D94A}.Debug|Any CPU.ActiveCfg = Debug|Any CPU
		{1AF4CB07-F93C-465A-9F60-B15E5466D94A}.Debug|Any CPU.Build.0 = Debug|Any CPU
		{1AF4CB07-F93C-465A-9F60-B15E5466D94A}.Release|Any CPU.ActiveCfg = Release|Any CPU
		{1AF4CB07-F93C-465A-9F60-B15E5466D94A}.Release|Any CPU.Build.0 = Release|Any CPU
		{24E464DA-D3A2-42BA-8595-FD8D1E71C8B4}.Debug|Any CPU.ActiveCfg = Debug|Any CPU
		{24E464DA-D3A2-42BA-8595-FD8D1E71C8B4}.Debug|Any CPU.Build.0 = Debug|Any CPU
		{24E464DA-D3A2-42BA-8595-FD8D1E71C8B4}.Release|Any CPU.ActiveCfg = Release|Any CPU
		{24E464DA-D3A2-42BA-8595-FD8D1E71C8B4}.Release|Any CPU.Build.0 = Release|Any CPU
	EndGlobalSection
EndGlobal
